
Microsoft Visual Studio Solution File, Format Version 12.00
# Visual Studio Version 17
VisualStudioVersion = 17.9.34526.213
MinimumVisualStudioVersion = 10.0.40219.1
Project("{FAE04EC0-301F-11D3-BF4B-00C04F79EFBC}") = "TodoApi", "TodoApi\TodoApi.csproj", "{D45AF944-ED0F-47A5-A5F1-A966D21A13BF}"
EndProject
Global
	GlobalSection(SolutionConfigurationPlatforms) = preSolution
		Debug|Any CPU = Debug|Any CPU
		Release|Any CPU = Release|Any CPU
	EndGlobalSection
	GlobalSection(ProjectConfigurationPlatforms) = postSolution
		{D45AF944-ED0F-47A5-A5F1-A966D21A13BF}.Debug|Any CPU.ActiveCfg = Debug|Any CPU
		{D45AF944-ED0F-47A5-A5F1-A966D21A13BF}.Debug|Any CPU.Build.0 = Debug|Any CPU
		{D45AF944-ED0F-47A5-A5F1-A966D21A13BF}.Release|Any CPU.ActiveCfg = Release|Any CPU
		{D45AF944-ED0F-47A5-A5F1-A966D21A13BF}.Release|Any CPU.Build.0 = Release|Any CPU
	EndGlobalSection
	GlobalSection(SolutionProperties) = preSolution
		HideSolutionNode = FALSE
	EndGlobalSection
	GlobalSection(ExtensibilityGlobals) = postSolution
		SolutionGuid = {4FCDCBCE-D659-4847-A4CE-F89CFD98BA1C}
	EndGlobalSection
EndGlobal
